
Microsoft Visual Studio Solution File, Format Version 12.00
# Visual Studio 15
VisualStudioVersion = 15.0.28010.2041
MinimumVisualStudioVersion = 10.0.40219.1
Project("{FAE04EC0-301F-11D3-BF4B-00C04F79EFBC}") = "ClassLibrary1", "ClassLibrary1\ClassLibrary1.csproj", "{3D2CEA41-D326-43DD-9550-DE9184FA1542}"
EndProject
Project("{FAE04EC0-301F-11D3-BF4B-00C04F79EFBC}") = "RVCrudOperations", "RVCrudOperations\RVCrudOperations.csproj", "{EEEADFC8-EE25-485A-9057-5E9C135EFBF6}"
EndProject
Project("{FAE04EC0-301F-11D3-BF4B-00C04F79EFBC}") = "ThumbnailFunction", "ThumbnailFunction\ThumbnailFunction.csproj", "{5CA69E97-E55C-42E5-BE77-4CF402640903}"
EndProject
Global
	GlobalSection(SolutionConfigurationPlatforms) = preSolution
		Debug|Any CPU = Debug|Any CPU
		Release|Any CPU = Release|Any CPU
	EndGlobalSection
	GlobalSection(ProjectConfigurationPlatforms) = postSolution
		{3D2CEA41-D326-43DD-9550-DE9184FA1542}.Debug|Any CPU.ActiveCfg = Debug|Any CPU
		{3D2CEA41-D326-43DD-9550-DE9184FA1542}.Debug|Any CPU.Build.0 = Debug|Any CPU
		{3D2CEA41-D326-43DD-9550-DE9184FA1542}.Release|Any CPU.ActiveCfg = Release|Any CPU
		{3D2CEA41-D326-43DD-9550-DE9184FA1542}.Release|Any CPU.Build.0 = Release|Any CPU
		{EEEADFC8-EE25-485A-9057-5E9C135EFBF6}.Debug|Any CPU.ActiveCfg = Debug|Any CPU
		{EEEADFC8-EE25-485A-9057-5E9C135EFBF6}.Debug|Any CPU.Build.0 = Debug|Any CPU
		{EEEADFC8-EE25-485A-9057-5E9C135EFBF6}.Release|Any CPU.ActiveCfg = Release|Any CPU
		{EEEADFC8-EE25-485A-9057-5E9C135EFBF6}.Release|Any CPU.Build.0 = Release|Any CPU
		{5CA69E97-E55C-42E5-BE77-4CF402640903}.Debug|Any CPU.ActiveCfg = Debug|Any CPU
		{5CA69E97-E55C-42E5-BE77-4CF402640903}.Debug|Any CPU.Build.0 = Debug|Any CPU
		{5CA69E97-E55C-42E5-BE77-4CF402640903}.Release|Any CPU.ActiveCfg = Release|Any CPU
		{5CA69E97-E55C-42E5-BE77-4CF402640903}.Release|Any CPU.Build.0 = Release|Any CPU
	EndGlobalSection
	GlobalSection(SolutionProperties) = preSolution
		HideSolutionNode = FALSE
	EndGlobalSection
	GlobalSection(ExtensibilityGlobals) = postSolution
		SolutionGuid = {90CC0EC3-2753-4B1E-80CC-591D71A6ECE7}
	EndGlobalSection
EndGlobal
